
Microsoft Visual Studio Solution File, Format Version 12.00
# Visual Studio 2013
VisualStudioVersion = 12.0.21005.1
MinimumVisualStudioVersion = 10.0.40219.1
Project("{FAE04EC0-301F-11D3-BF4B-00C04F79EFBC}") = "TravelAgencyDemoApp", "TravelAgencyDemoApp\TravelAgencyDemoApp.csproj", "{21D387E9-A716-42E4-ADFB-EB13D57F1894}"
EndProject
Project("{FAE04EC0-301F-11D3-BF4B-00C04F79EFBC}") = "TravelAgencyModel", "TravelAgencyModel\TravelAgencyModel.csproj", "{ACC0A8FF-D9D2-4C7E-8B9E-FE7B42F41661}"
EndProject
Project("{FAE04EC0-301F-11D3-BF4B-00C04F79EFBC}") = "TravelAgency.UnitsTests", "TravelAgency.UnitsTests\TravelAgency.UnitsTests.csproj", "{14F87CE7-E9BF-4F41-9BCD-DD9FB4A48B59}"
EndProject
Project("{2150E333-8FDC-42A3-9474-1A3956D46DE8}") = ".nuget", ".nuget", "{51A3AF7E-3F89-4594-AE75-380D56E0E3E7}"
	ProjectSection(SolutionItems) = preProject
		.nuget\NuGet.Config = .nuget\NuGet.Config
		.nuget\NuGet.exe = .nuget\NuGet.exe
		.nuget\NuGet.targets = .nuget\NuGet.targets
		.nuget\packages.config = .nuget\packages.config
	EndProjectSection
EndProject
Project("{FAE04EC0-301F-11D3-BF4B-00C04F79EFBC}") = "TravelAgencyOrm", "TravelAgencyOrm\TravelAgencyOrm.csproj", "{AC68CD51-10F5-48B9-879F-468E28BB62EC}"
EndProject
Project("{FAE04EC0-301F-11D3-BF4B-00C04F79EFBC}") = "TravelAgencyController", "TravelAgencyController\TravelAgencyController.csproj", "{761F2BCB-D6A9-466A-8EDD-28EC11CF2162}"
EndProject
Project("{FAE04EC0-301F-11D3-BF4B-00C04F79EFBC}") = "TravelAgencyInfrastructure", "TravelAgencyInfrastructure\TravelAgencyInfrastructure.csproj", "{405CF3BC-477E-4A3D-9053-738F267C00B7}"
EndProject
Project("{FAE04EC0-301F-11D3-BF4B-00C04F79EFBC}") = "TravelAgencyConsoleClient", "TravelAgencyConsoleClient\TravelAgencyConsoleClient.csproj", "{3733FB3A-E7FA-48E5-81C8-1D3CDD2B909F}"
EndProject
Project("{FAE04EC0-301F-11D3-BF4B-00C04F79EFBC}") = "TravelAgencyWebApp", "TravelAgencyWebApp\TravelAgencyWebApp.csproj", "{8E5DAFBB-59DC-4AE8-AB54-2D01990DA9E4}"
EndProject
Project("{FAE04EC0-301F-11D3-BF4B-00C04F79EFBC}") = "TravelAgencySeleniumTests", "TravelAgencySeleniumTests\TravelAgencySeleniumTests.csproj", "{0E3C3E95-6E01-497E-A12E-2EFDCFC1A09C}"
EndProject
Project("{FAE04EC0-301F-11D3-BF4B-00C04F79EFBC}") = "TravelAgencyFitNesse", "TravelAgencyFitNesse\TravelAgencyFitNesse.csproj", "{0F4DA26A-B760-4F14-9757-0040289C5F46}"
EndProject
Global
	GlobalSection(SolutionConfigurationPlatforms) = preSolution
		Debug|Any CPU = Debug|Any CPU
		Debug|ARM = Debug|ARM
		Debug|x64 = Debug|x64
		Debug|x86 = Debug|x86
		Release|Any CPU = Release|Any CPU
		Release|ARM = Release|ARM
		Release|x64 = Release|x64
		Release|x86 = Release|x86
	EndGlobalSection
	GlobalSection(ProjectConfigurationPlatforms) = postSolution
		{21D387E9-A716-42E4-ADFB-EB13D57F1894}.Debug|Any CPU.ActiveCfg = Debug|Any CPU
		{21D387E9-A716-42E4-ADFB-EB13D57F1894}.Debug|Any CPU.Build.0 = Debug|Any CPU
		{21D387E9-A716-42E4-ADFB-EB13D57F1894}.Debug|ARM.ActiveCfg = Debug|Any CPU
		{21D387E9-A716-42E4-ADFB-EB13D57F1894}.Debug|x64.ActiveCfg = Debug|Any CPU
		{21D387E9-A716-42E4-ADFB-EB13D57F1894}.Debug|x86.ActiveCfg = Debug|Any CPU
		{21D387E9-A716-42E4-ADFB-EB13D57F1894}.Release|Any CPU.ActiveCfg = Release|Any CPU
		{21D387E9-A716-42E4-ADFB-EB13D57F1894}.Release|Any CPU.Build.0 = Release|Any CPU
		{21D387E9-A716-42E4-ADFB-EB13D57F1894}.Release|ARM.ActiveCfg = Release|Any CPU
		{21D387E9-A716-42E4-ADFB-EB13D57F1894}.Release|x64.ActiveCfg = Release|Any CPU
		{21D387E9-A716-42E4-ADFB-EB13D57F1894}.Release|x86.ActiveCfg = Release|Any CPU
		{ACC0A8FF-D9D2-4C7E-8B9E-FE7B42F41661}.Debug|Any CPU.ActiveCfg = Debug|Any CPU
		{ACC0A8FF-D9D2-4C7E-8B9E-FE7B42F41661}.Debug|Any CPU.Build.0 = Debug|Any CPU
		{ACC0A8FF-D9D2-4C7E-8B9E-FE7B42F41661}.Debug|ARM.ActiveCfg = Debug|Any CPU
		{ACC0A8FF-D9D2-4C7E-8B9E-FE7B42F41661}.Debug|x64.ActiveCfg = Debug|Any CPU
		{ACC0A8FF-D9D2-4C7E-8B9E-FE7B42F41661}.Debug|x86.ActiveCfg = Debug|Any CPU
		{ACC0A8FF-D9D2-4C7E-8B9E-FE7B42F41661}.Release|Any CPU.ActiveCfg = Release|Any CPU
		{ACC0A8FF-D9D2-4C7E-8B9E-FE7B42F41661}.Release|Any CPU.Build.0 = Release|Any CPU
		{ACC0A8FF-D9D2-4C7E-8B9E-FE7B42F41661}.Release|ARM.ActiveCfg = Release|Any CPU
		{ACC0A8FF-D9D2-4C7E-8B9E-FE7B42F41661}.Release|x64.ActiveCfg = Release|Any CPU
		{ACC0A8FF-D9D2-4C7E-8B9E-FE7B42F41661}.Release|x86.ActiveCfg = Release|Any CPU
		{14F87CE7-E9BF-4F41-9BCD-DD9FB4A48B59}.Debug|Any CPU.ActiveCfg = Debug|Any CPU
		{14F87CE7-E9BF-4F41-9BCD-DD9FB4A48B59}.Debug|Any CPU.Build.0 = Debug|Any CPU
		{14F87CE7-E9BF-4F41-9BCD-DD9FB4A48B59}.Debug|ARM.ActiveCfg = Debug|Any CPU
		{14F87CE7-E9BF-4F41-9BCD-DD9FB4A48B59}.Debug|x64.ActiveCfg = Debug|Any CPU
		{14F87CE7-E9BF-4F41-9BCD-DD9FB4A48B59}.Debug|x86.ActiveCfg = Debug|Any CPU
		{14F87CE7-E9BF-4F41-9BCD-DD9FB4A48B59}.Release|Any CPU.ActiveCfg = Release|Any CPU
		{14F87CE7-E9BF-4F41-9BCD-DD9FB4A48B59}.Release|Any CPU.Build.0 = Release|Any CPU
		{14F87CE7-E9BF-4F41-9BCD-DD9FB4A48B59}.Release|ARM.ActiveCfg = Release|Any CPU
		{14F87CE7-E9BF-4F41-9BCD-DD9FB4A48B59}.Release|x64.ActiveCfg = Release|Any CPU
		{14F87CE7-E9BF-4F41-9BCD-DD9FB4A48B59}.Release|x86.ActiveCfg = Release|Any CPU
		{AC68CD51-10F5-48B9-879F-468E28BB62EC}.Debug|Any CPU.ActiveCfg = Debug|Any CPU
		{AC68CD51-10F5-48B9-879F-468E28BB62EC}.Debug|Any CPU.Build.0 = Debug|Any CPU
		{AC68CD51-10F5-48B9-879F-468E28BB62EC}.Debug|ARM.ActiveCfg = Debug|Any CPU
		{AC68CD51-10F5-48B9-879F-468E28BB62EC}.Debug|x64.ActiveCfg = Debug|Any CPU
		{AC68CD51-10F5-48B9-879F-468E28BB62EC}.Debug|x86.ActiveCfg = Debug|Any CPU
		{AC68CD51-10F5-48B9-879F-468E28BB62EC}.Release|Any CPU.ActiveCfg = Release|Any CPU
		{AC68CD51-10F5-48B9-879F-468E28BB62EC}.Release|Any CPU.Build.0 = Release|Any CPU
		{AC68CD51-10F5-48B9-879F-468E28BB62EC}.Release|ARM.ActiveCfg = Release|Any CPU
		{AC68CD51-10F5-48B9-879F-468E28BB62EC}.Release|x64.ActiveCfg = Release|Any CPU
		{AC68CD51-10F5-48B9-879F-468E28BB62EC}.Release|x86.ActiveCfg = Release|Any CPU
		{761F2BCB-D6A9-466A-8EDD-28EC11CF2162}.Debug|Any CPU.ActiveCfg = Debug|Any CPU
		{761F2BCB-D6A9-466A-8EDD-28EC11CF2162}.Debug|Any CPU.Build.0 = Debug|Any CPU
		{761F2BCB-D6A9-466A-8EDD-28EC11CF2162}.Debug|ARM.ActiveCfg = Debug|Any CPU
		{761F2BCB-D6A9-466A-8EDD-28EC11CF2162}.Debug|x64.ActiveCfg = Debug|Any CPU
		{761F2BCB-D6A9-466A-8EDD-28EC11CF2162}.Debug|x86.ActiveCfg = Debug|Any CPU
		{761F2BCB-D6A9-466A-8EDD-28EC11CF2162}.Release|Any CPU.ActiveCfg = Release|Any CPU
		{761F2BCB-D6A9-466A-8EDD-28EC11CF2162}.Release|Any CPU.Build.0 = Release|Any CPU
		{761F2BCB-D6A9-466A-8EDD-28EC11CF2162}.Release|ARM.ActiveCfg = Release|Any CPU
		{761F2BCB-D6A9-466A-8EDD-28EC11CF2162}.Release|x64.ActiveCfg = Release|Any CPU
		{761F2BCB-D6A9-466A-8EDD-28EC11CF2162}.Release|x86.ActiveCfg = Release|Any CPU
		{405CF3BC-477E-4A3D-9053-738F267C00B7}.Debug|Any CPU.ActiveCfg = Debug|Any CPU
		{405CF3BC-477E-4A3D-9053-738F267C00B7}.Debug|Any CPU.Build.0 = Debug|Any CPU
		{405CF3BC-477E-4A3D-9053-738F267C00B7}.Debug|ARM.ActiveCfg = Debug|Any CPU
		{405CF3BC-477E-4A3D-9053-738F267C00B7}.Debug|x64.ActiveCfg = Debug|Any CPU
		{405CF3BC-477E-4A3D-9053-738F267C00B7}.Debug|x86.ActiveCfg = Debug|Any CPU
		{405CF3BC-477E-4A3D-9053-738F267C00B7}.Release|Any CPU.ActiveCfg = Release|Any CPU
		{405CF3BC-477E-4A3D-9053-738F267C00B7}.Release|Any CPU.Build.0 = Release|Any CPU
		{405CF3BC-477E-4A3D-9053-738F267C00B7}.Release|ARM.ActiveCfg = Release|Any CPU
		{405CF3BC-477E-4A3D-9053-738F267C00B7}.Release|x64.ActiveCfg = Release|Any CPU
		{405CF3BC-477E-4A3D-9053-738F267C00B7}.Release|x86.ActiveCfg = Release|Any CPU
		{3733FB3A-E7FA-48E5-81C8-1D3CDD2B909F}.Debug|Any CPU.ActiveCfg = Debug|Any CPU
		{3733FB3A-E7FA-48E5-81C8-1D3CDD2B909F}.Debug|Any CPU.Build.0 = Debug|Any CPU
		{3733FB3A-E7FA-48E5-81C8-1D3CDD2B909F}.Debug|ARM.ActiveCfg = Debug|Any CPU
		{3733FB3A-E7FA-48E5-81C8-1D3CDD2B909F}.Debug|x64.ActiveCfg = Debug|Any CPU
		{3733FB3A-E7FA-48E5-81C8-1D3CDD2B909F}.Debug|x86.ActiveCfg = Debug|Any CPU
		{3733FB3A-E7FA-48E5-81C8-1D3CDD2B909F}.Release|Any CPU.ActiveCfg = Release|Any CPU
		{3733FB3A-E7FA-48E5-81C8-1D3CDD2B909F}.Release|Any CPU.Build.0 = Release|Any CPU
		{3733FB3A-E7FA-48E5-81C8-1D3CDD2B909F}.Release|ARM.ActiveCfg = Release|Any CPU
		{3733FB3A-E7FA-48E5-81C8-1D3CDD2B909F}.Release|x64.ActiveCfg = Release|Any CPU
		{3733FB3A-E7FA-48E5-81C8-1D3CDD2B909F}.Release|x86.ActiveCfg = Release|Any CPU
		{8E5DAFBB-59DC-4AE8-AB54-2D01990DA9E4}.Debug|Any CPU.ActiveCfg = Debug|Any CPU
		{8E5DAFBB-59DC-4AE8-AB54-2D01990DA9E4}.Debug|Any CPU.Build.0 = Debug|Any CPU
		{8E5DAFBB-59DC-4AE8-AB54-2D01990DA9E4}.Debug|ARM.ActiveCfg = Debug|Any CPU
		{8E5DAFBB-59DC-4AE8-AB54-2D01990DA9E4}.Debug|x64.ActiveCfg = Debug|Any CPU
		{8E5DAFBB-59DC-4AE8-AB54-2D01990DA9E4}.Debug|x86.ActiveCfg = Debug|Any CPU
		{8E5DAFBB-59DC-4AE8-AB54-2D01990DA9E4}.Release|Any CPU.ActiveCfg = Release|Any CPU
		{8E5DAFBB-59DC-4AE8-AB54-2D01990DA9E4}.Release|Any CPU.Build.0 = Release|Any CPU
		{8E5DAFBB-59DC-4AE8-AB54-2D01990DA9E4}.Release|ARM.ActiveCfg = Release|Any CPU
		{8E5DAFBB-59DC-4AE8-AB54-2D01990DA9E4}.Release|x64.ActiveCfg = Release|Any CPU
		{8E5DAFBB-59DC-4AE8-AB54-2D01990DA9E4}.Release|x86.ActiveCfg = Release|Any CPU
		{0E3C3E95-6E01-497E-A12E-2EFDCFC1A09C}.Debug|Any CPU.ActiveCfg = Debug|Any CPU
		{0E3C3E95-6E01-497E-A12E-2EFDCFC1A09C}.Debug|Any CPU.Build.0 = Debug|Any CPU
		{0E3C3E95-6E01-497E-A12E-2EFDCFC1A09C}.Debug|ARM.ActiveCfg = Debug|Any CPU
		{0E3C3E95-6E01-497E-A12E-2EFDCFC1A09C}.Debug|x64.ActiveCfg = Debug|Any CPU
		{0E3C3E95-6E01-497E-A12E-2EFDCFC1A09C}.Debug|x86.ActiveCfg = Debug|Any CPU
		{0E3C3E95-6E01-497E-A12E-2EFDCFC1A09C}.Release|Any CPU.ActiveCfg = Release|Any CPU
		{0E3C3E95-6E01-497E-A12E-2EFDCFC1A09C}.Release|Any CPU.Build.0 = Release|Any CPU
		{0E3C3E95-6E01-497E-A12E-2EFDCFC1A09C}.Release|ARM.ActiveCfg = Release|Any CPU
		{0E3C3E95-6E01-497E-A12E-2EFDCFC1A09C}.Release|x64.ActiveCfg = Release|Any CPU
		{0E3C3E95-6E01-497E-A12E-2EFDCFC1A09C}.Release|x86.ActiveCfg = Release|Any CPU
		{0F4DA26A-B760-4F14-9757-0040289C5F46}.Debug|Any CPU.ActiveCfg = Debug|Any CPU
		{0F4DA26A-B760-4F14-9757-0040289C5F46}.Debug|Any CPU.Build.0 = Debug|Any CPU
		{0F4DA26A-B760-4F14-9757-0040289C5F46}.Debug|ARM.ActiveCfg = Debug|Any CPU
		{0F4DA26A-B760-4F14-9757-0040289C5F46}.Debug|x64.ActiveCfg = Debug|Any CPU
		{0F4DA26A-B760-4F14-9757-0040289C5F46}.Debug|x86.ActiveCfg = Debug|Any CPU
		{0F4DA26A-B760-4F14-9757-0040289C5F46}.Release|Any CPU.ActiveCfg = Release|Any CPU
		{0F4DA26A-B760-4F14-9757-0040289C5F46}.Release|Any CPU.Build.0 = Release|Any CPU
		{0F4DA26A-B760-4F14-9757-0040289C5F46}.Release|ARM.ActiveCfg = Release|Any CPU
		{0F4DA26A-B760-4F14-9757-0040289C5F46}.Release|x64.ActiveCfg = Release|Any CPU
		{0F4DA26A-B760-4F14-9757-0040289C5F46}.Release|x86.ActiveCfg = Release|Any CPU
	EndGlobalSection
	GlobalSection(SolutionProperties) = preSolution
		HideSolutionNode = FALSE
	EndGlobalSection
EndGlobal
